# @generated - this file is auto-generated by `mise lock` https://mise.jdx.dev/dev-tools/mise-lock.html

lockfile_version = 1

[[tools.node]]
version = "26.8.0"
backend = "core:node"
specifiers = ["26.8.0"]

[tools.node."platforms.linux-arm64"]
checksum = "sha256:c358e4c9bd4cd1a4521fa2ae140c88637a3679fc3e99cd1aa6bca1ec5131f13f"
url = "https://nodejs.org/dist/v26.8.0/node-v26.8.0-linux-arm64.tar.gz"

[tools.node."platforms.linux-arm64-musl"]
checksum = "sha256:ec56d752fe301436a04cef093cb55d467dc7bbc2c1f2ef6aff6f23467d058fea"
url = "https://unofficial-builds.nodejs.org/download/release/v26.8.0/node-v26.8.0-linux-arm64-musl.tar.gz"

[tools.node."platforms.linux-x64"]
checksum = "sha256:32fcdc8e2e2cc54fbcd6c8cc96ca5bd2e70019ac23000cbd6ccc5663de111b33"
url = "https://nodejs.org/dist/v26.8.0/node-v26.8.0-linux-x64.tar.gz"

[tools.node."platforms.linux-x64-musl"]
checksum = "sha256:b796985564be6b033f3a7c49f278e791055f2d6697a5d3df6af95d3dab3e8acd"
url = "https://unofficial-builds.nodejs.org/download/release/v26.8.0/node-v26.8.0-linux-x64-musl.tar.gz"

[tools.node."platforms.macos-arm64"]
checksum = "sha256:d6516f067a433cd979b27dfdb0bad88ce97f47be33b713d04c8361b1502f19c6"
url = "https://nodejs.org/dist/v26.8.0/node-v26.8.0-darwin-arm64.tar.gz"

[tools.node."platforms.macos-x64"]
checksum = "sha256:58e0866e3b4355c1e3140fdc0c1b1b2a55616f4e5a37fda12123e98114a05138"
url = "https://nodejs.org/dist/v26.8.0/node-v26.8.0-darwin-x64.tar.gz"

[tools.node."platforms.windows-x64"]
checksum = "sha256:a27c620080cd4da2bd0458fd7dbe1c40baef67cc28c0f0bf21a229d867af7c00"
url = "https://nodejs.org/dist/v26.8.0/node-v26.8.0-win-x64.zip"

[[tools."npm:pnpm"]]
version = "11.24.0"
backend = "npm:pnpm"
specifiers = ["11.24.0"]
